
Microsoft Visual Studio Solution File, Format Version 12.00
# Visual Studio Version 17
VisualStudioVersion = 17.4.33110.190
MinimumVisualStudioVersion = 10.0.40219.1
Project("{FAE04EC0-301F-11D3-BF4B-00C04F79EFBC}") = "AirlineWebApp", "AirlineWebApp\AirlineWebApp.csproj", "{4734A372-B6CA-4809-A822-FBE7E7A33321}"
EndProject
Global
	GlobalSection(SolutionConfigurationPlatforms) = preSolution
		Debug|Any CPU = Debug|Any CPU
		Release|Any CPU = Release|Any CPU
	EndGlobalSection
	GlobalSection(ProjectConfigurationPlatforms) = postSolution
		{4734A372-B6CA-4809-A822-FBE7E7A33321}.Debug|Any CPU.ActiveCfg = Debug|Any CPU
		{4734A372-B6CA-4809-A822-FBE7E7A33321}.Debug|Any CPU.Build.0 = Debug|Any CPU
		{4734A372-B6CA-4809-A822-FBE7E7A33321}.Release|Any CPU.ActiveCfg = Release|Any CPU
		{4734A372-B6CA-4809-A822-FBE7E7A33321}.Release|Any CPU.Build.0 = Release|Any CPU
	EndGlobalSection
	GlobalSection(SolutionProperties) = preSolution
		HideSolutionNode = FALSE
	EndGlobalSection
	GlobalSection(ExtensibilityGlobals) = postSolution
		SolutionGuid = {4FA7ECB2-EC80-42D9-858E-6C8E58310909}
	EndGlobalSection
EndGlobal
